
Microsoft Visual Studio Solution File, Format Version 12.00
# Visual Studio Version 17
VisualStudioVersion = 17.14.36518.9
MinimumVisualStudioVersion = 10.0.40219.1
Project("{FAE04EC0-301F-11D3-BF4B-00C04F79EFBC}") = "API_FCG_F01.Domain", "API_FCG_F01.Domain\API_FCG_F01.Domain.csproj", "{87803B44-45FF-4C50-9856-4D44B2D6D92B}"
EndProject
Project("{FAE04EC0-301F-11D3-BF4B-00C04F79EFBC}") = "API_FCG_F01.Application", "API_FCG_F01.Application\API_FCG_F01.Application.csproj", "{D72785C0-0124-45F5-96D1-47E09363E2A7}"
EndProject
Project("{FAE04EC0-301F-11D3-BF4B-00C04F79EFBC}") = "API_FCG_F01.API", "API_FCG_F01.API\API_FCG_F01.API.csproj", "{9DB70599-41D1-4F11-9687-CA151575FA5C}"
EndProject
Project("{FAE04EC0-301F-11D3-BF4B-00C04F79EFBC}") = "API_FCG_F01.Infra.Data", "API_FCG_F01.Infra.Data\API_FCG_F01.Infra.Data.csproj", "{D2A2E218-1FED-48F8-8388-BA220569A3B7}"
EndProject
Project("{FAE04EC0-301F-11D3-BF4B-00C04F79EFBC}") = "API_FCG_F01.Infra.IoC", "API_FCG_F01.Infra.IoC\API_FCG_F01.Infra.IoC.csproj", "{98C4B0A6-AE57-41FB-957E-00259FCEFE6E}"
EndProject
Project("{FAE04EC0-301F-11D3-BF4B-00C04F79EFBC}") = "API_FCG_F01.Tests", "API_FCG_F01.Tests\API_FCG_F01.Tests.csproj", "{69551523-04CD-4C94-9BB7-36B89EB9E3BA}"
EndProject
Global
	GlobalSection(SolutionConfigurationPlatforms) = preSolution
		Debug|Any CPU = Debug|Any CPU
		Release|Any CPU = Release|Any CPU
	EndGlobalSection
	GlobalSection(ProjectConfigurationPlatforms) = postSolution
		{87803B44-45FF-4C50-9856-4D44B2D6D92B}.Debug|Any CPU.ActiveCfg = Debug|Any CPU
		{87803B44-45FF-4C50-9856-4D44B2D6D92B}.Debug|Any CPU.Build.0 = Debug|Any CPU
		{87803B44-45FF-4C50-9856-4D44B2D6D92B}.Release|Any CPU.ActiveCfg = Release|Any CPU
		{87803B44-45FF-4C50-9856-4D44B2D6D92B}.Release|Any CPU.Build.0 = Release|Any CPU
		{D72785C0-0124-45F5-96D1-47E09363E2A7}.Debug|Any CPU.ActiveCfg = Debug|Any CPU
		{D72785C0-0124-45F5-96D1-47E09363E2A7}.Debug|Any CPU.Build.0 = Debug|Any CPU
		{D72785C0-0124-45F5-96D1-47E09363E2A7}.Release|Any CPU.ActiveCfg = Release|Any CPU
		{D72785C0-0124-45F5-96D1-47E09363E2A7}.Release|Any CPU.Build.0 = Release|Any CPU
		{9DB70599-41D1-4F11-9687-CA151575FA5C}.Debug|Any CPU.ActiveCfg = Debug|Any CPU
		{9DB70599-41D1-4F11-9687-CA151575FA5C}.Debug|Any CPU.Build.0 = Debug|Any CPU
		{9DB70599-41D1-4F11-9687-CA151575FA5C}.Release|Any CPU.ActiveCfg = Release|Any CPU
		{9DB70599-41D1-4F11-9687-CA151575FA5C}.Release|Any CPU.Build.0 = Release|Any CPU
		{D2A2E218-1FED-48F8-8388-BA220569A3B7}.Debug|Any CPU.ActiveCfg = Debug|Any CPU
		{D2A2E218-1FED-48F8-8388-BA220569A3B7}.Debug|Any CPU.Build.0 = Debug|Any CPU
		{D2A2E218-1FED-48F8-8388-BA220569A3B7}.Release|Any CPU.ActiveCfg = Release|Any CPU
		{D2A2E218-1FED-48F8-8388-BA220569A3B7}.Release|Any CPU.Build.0 = Release|Any CPU
		{98C4B0A6-AE57-41FB-957E-00259FCEFE6E}.Debug|Any CPU.ActiveCfg = Debug|Any CPU
		{98C4B0A6-AE57-41FB-957E-00259FCEFE6E}.Debug|Any CPU.Build.0 = Debug|Any CPU
		{98C4B0A6-AE57-41FB-957E-00259FCEFE6E}.Release|Any CPU.ActiveCfg = Release|Any CPU
		{98C4B0A6-AE57-41FB-957E-00259FCEFE6E}.Release|Any CPU.Build.0 = Release|Any CPU
		{69551523-04CD-4C94-9BB7-36B89EB9E3BA}.Debug|Any CPU.ActiveCfg = Debug|Any CPU
		{69551523-04CD-4C94-9BB7-36B89EB9E3BA}.Debug|Any CPU.Build.0 = Debug|Any CPU
		{69551523-04CD-4C94-9BB7-36B89EB9E3BA}.Release|Any CPU.ActiveCfg = Release|Any CPU
		{69551523-04CD-4C94-9BB7-36B89EB9E3BA}.Release|Any CPU.Build.0 = Release|Any CPU
	EndGlobalSection
	GlobalSection(SolutionProperties) = preSolution
		HideSolutionNode = FALSE
	EndGlobalSection
	GlobalSection(ExtensibilityGlobals) = postSolution
		SolutionGuid = {9FF5B2A2-9F07-4695-A609-3B5A131C8E88}
	EndGlobalSection
EndGlobal
